
Microsoft Visual Studio Solution File, Format Version 11.00
# Visual Studio 2010
Project("{FAE04EC0-301F-11D3-BF4B-00C04F79EFBC}") = "Amalwaniya", "Assembly-CSharp.csproj", "{4741CD20-9975-F889-84E5-9D932264BAB0}"
EndProject
Global
	GlobalSection(SolutionConfigurationPlatforms) = preSolution
		Debug|Any CPU = Debug|Any CPU
		Release|Any CPU = Release|Any CPU
	EndGlobalSection
	GlobalSection(ProjectConfigurationPlatforms) = postSolution
		{4741CD20-9975-F889-84E5-9D932264BAB0}.Debug|Any CPU.ActiveCfg = Debug|Any CPU
		{4741CD20-9975-F889-84E5-9D932264BAB0}.Debug|Any CPU.Build.0 = Debug|Any CPU
		{4741CD20-9975-F889-84E5-9D932264BAB0}.Release|Any CPU.ActiveCfg = Release|Any CPU
		{4741CD20-9975-F889-84E5-9D932264BAB0}.Release|Any CPU.Build.0 = Release|Any CPU
	EndGlobalSection
	GlobalSection(SolutionProperties) = preSolution
		HideSolutionNode = FALSE
	EndGlobalSection
	GlobalSection(MonoDevelopProperties) = preSolution
		StartupItem = Assembly-CSharp.csproj
	EndGlobalSection
EndGlobal
